// !$*UTF8*$!
{
	archiveVersion = 1;
	classes = {
	};
	objectVersion = 50;
	objects = {

/* Begin PBXBuildFile section */
		1D16A5572221FF3900FC3248 /* GoogleService-Info.plist in Resources */ = {isa = PBXBuildFile; fileRef = 1D16A5562221FF3900FC3248 /* GoogleService-Info.plist */; };
		1D16A5582221FF3900FC3248 /* GoogleService-Info.plist in Resources */ = {isa = PBXBuildFile; fileRef = 1D16A5562221FF3900FC3248 /* GoogleService-Info.plist */; };
		1D16A5592221FF3900FC3248 /* GoogleService-Info.plist in Resources */ = {isa = PBXBuildFile; fileRef = 1D16A5562221FF3900FC3248 /* GoogleService-Info.plist */; };
		203A6F2E093C231CBEF612E2 /* Pods_JavaTutorTests.framework in Frameworks */ = {isa = PBXBuildFile; fileRef = 7D5F25F720D9643CB6D585E4 /* Pods_JavaTutorTests.framework */; };
		8408DDA62237639800C7DF57 /* StudyVC.swift in Sources */ = {isa = PBXBuildFile; fileRef = 8408DDA52237639800C7DF57 /* StudyVC.swift */; };
		4EF89A772237442100073203 /* ModuleCatalogVC.swift in Sources */ = {isa = PBXBuildFile; fileRef = 4EF89A762237442100073203 /* ModuleCatalogVC.swift */; };
		840B69BC222054EE0032B683 /* AppDelegate.swift in Sources */ = {isa = PBXBuildFile; fileRef = 840B69BB222054EE0032B683 /* AppDelegate.swift */; };
		840B69C1222054EE0032B683 /* Main.storyboard in Resources */ = {isa = PBXBuildFile; fileRef = 840B69BF222054EE0032B683 /* Main.storyboard */; };
		840B69C3222054F10032B683 /* Assets.xcassets in Resources */ = {isa = PBXBuildFile; fileRef = 840B69C2222054F10032B683 /* Assets.xcassets */; };
		840B69C6222054F10032B683 /* LaunchScreen.storyboard in Resources */ = {isa = PBXBuildFile; fileRef = 840B69C4222054F10032B683 /* LaunchScreen.storyboard */; };
		840B69D1222054F10032B683 /* JavaTutorTests.swift in Sources */ = {isa = PBXBuildFile; fileRef = 840B69D0222054F10032B683 /* JavaTutorTests.swift */; };
		840B69DC222054F10032B683 /* JavaTutorUITests.swift in Sources */ = {isa = PBXBuildFile; fileRef = 840B69DB222054F10032B683 /* JavaTutorUITests.swift */; };
		843971AC22237C5900A96195 /* ExamTVC.swift in Sources */ = {isa = PBXBuildFile; fileRef = 843971A322237C5900A96195 /* ExamTVC.swift */; };
		843971AD22237C5900A96195 /* LessonTVC.swift in Sources */ = {isa = PBXBuildFile; fileRef = 843971A422237C5900A96195 /* LessonTVC.swift */; };
		843971AE22237C5900A96195 /* LoginScreenVC.swift in Sources */ = {isa = PBXBuildFile; fileRef = 843971A522237C5900A96195 /* LoginScreenVC.swift */; };
		843971AF22237C5900A96195 /* QuizTVC.swift in Sources */ = {isa = PBXBuildFile; fileRef = 843971A622237C5900A96195 /* QuizTVC.swift */; };
		843971B022237C5900A96195 /* RecentActivityTVC.swift in Sources */ = {isa = PBXBuildFile; fileRef = 843971A722237C5900A96195 /* RecentActivityTVC.swift */; };
		843971B122237C5900A96195 /* StatisticsVC.swift in Sources */ = {isa = PBXBuildFile; fileRef = 843971A822237C5900A96195 /* StatisticsVC.swift */; };
		843971B322237C5900A96195 /* ModuleCatalogTVC.swift in Sources */ = {isa = PBXBuildFile; fileRef = 843971AA22237C5900A96195 /* ModuleCatalogTVC.swift */; };
		9705A21531ABDBE279D27556 /* Pods_JavaTutor.framework in Frameworks */ = {isa = PBXBuildFile; fileRef = A6C7C90BF01055004AEF21BE /* Pods_JavaTutor.framework */; };
		C92BF4F110414500440261F8 /* Pods_JavaTutorUITests.framework in Frameworks */ = {isa = PBXBuildFile; fileRef = 8ABCAF315590C89E756CDEC8 /* Pods_JavaTutorUITests.framework */; };
/* End PBXBuildFile section */

/* Begin PBXContainerItemProxy section */
		840B69CD222054F10032B683 /* PBXContainerItemProxy */ = {
			isa = PBXContainerItemProxy;
			containerPortal = 840B69B0222054ED0032B683 /* Project object */;
			proxyType = 1;
			remoteGlobalIDString = 840B69B7222054EE0032B683;
			remoteInfo = JavaTutor;
		};
		840B69D8222054F10032B683 /* PBXContainerItemProxy */ = {
			isa = PBXContainerItemProxy;
			containerPortal = 840B69B0222054ED0032B683 /* Project object */;
			proxyType = 1;
			remoteGlobalIDString = 840B69B7222054EE0032B683;
			remoteInfo = JavaTutor;
		};
/* End PBXContainerItemProxy section */

/* Begin PBXFileReference section */
		1D16A5562221FF3900FC3248 /* GoogleService-Info.plist */ = {isa = PBXFileReference; fileEncoding = 4; lastKnownFileType = text.plist.xml; path = "GoogleService-Info.plist"; sourceTree = "<group>"; };
		4EF89A762237442100073203 /* ModuleCatalogVC.swift */ = {isa = PBXFileReference; lastKnownFileType = sourcecode.swift; path = ModuleCatalogVC.swift; sourceTree = "<group>"; };
		542301E042D50BB0C58A497A /* Pods-JavaTutorTests.release.xcconfig */ = {isa = PBXFileReference; includeInIndex = 1; lastKnownFileType = text.xcconfig; name = "Pods-JavaTutorTests.release.xcconfig"; path = "Pods/Target Support Files/Pods-JavaTutorTests/Pods-JavaTutorTests.release.xcconfig"; sourceTree = "<group>"; };
		56C900E77F7C22DFE35A44C1 /* Pods-JavaTutor.release.xcconfig */ = {isa = PBXFileReference; includeInIndex = 1; lastKnownFileType = text.xcconfig; name = "Pods-JavaTutor.release.xcconfig"; path = "Pods/Target Support Files/Pods-JavaTutor/Pods-JavaTutor.release.xcconfig"; sourceTree = "<group>"; };
		7A2DB7FF4DD5D457BCB9A8E4 /* Pods-JavaTutorUITests.debug.xcconfig */ = {isa = PBXFileReference; includeInIndex = 1; lastKnownFileType = text.xcconfig; name = "Pods-JavaTutorUITests.debug.xcconfig"; path = "Pods/Target Support Files/Pods-JavaTutorUITests/Pods-JavaTutorUITests.debug.xcconfig"; sourceTree = "<group>"; };
		7D5F25F720D9643CB6D585E4 /* Pods_JavaTutorTests.framework */ = {isa = PBXFileReference; explicitFileType = wrapper.framework; includeInIndex = 0; path = Pods_JavaTutorTests.framework; sourceTree = BUILT_PRODUCTS_DIR; };
		8408DDA52237639800C7DF57 /* StudyVC.swift */ = {isa = PBXFileReference; lastKnownFileType = sourcecode.swift; path = StudyVC.swift; sourceTree = "<group>"; };
		840B69B8222054EE0032B683 /* JavaTutor.app */ = {isa = PBXFileReference; explicitFileType = wrapper.application; includeInIndex = 0; path = JavaTutor.app; sourceTree = BUILT_PRODUCTS_DIR; };
		840B69BB222054EE0032B683 /* AppDelegate.swift */ = {isa = PBXFileReference; lastKnownFileType = sourcecode.swift; path = AppDelegate.swift; sourceTree = "<group>"; };
		840B69C0222054EE0032B683 /* Base */ = {isa = PBXFileReference; lastKnownFileType = file.storyboard; name = Base; path = Base.lproj/Main.storyboard; sourceTree = "<group>"; };
		840B69C2222054F10032B683 /* Assets.xcassets */ = {isa = PBXFileReference; lastKnownFileType = folder.assetcatalog; path = Assets.xcassets; sourceTree = "<group>"; };
		840B69C5222054F10032B683 /* Base */ = {isa = PBXFileReference; lastKnownFileType = file.storyboard; name = Base; path = Base.lproj/LaunchScreen.storyboard; sourceTree = "<group>"; };
		840B69C7222054F10032B683 /* Info.plist */ = {isa = PBXFileReference; lastKnownFileType = text.plist.xml; path = Info.plist; sourceTree = "<group>"; };
		840B69CC222054F10032B683 /* JavaTutorTests.xctest */ = {isa = PBXFileReference; explicitFileType = wrapper.cfbundle; includeInIndex = 0; path = JavaTutorTests.xctest; sourceTree = BUILT_PRODUCTS_DIR; };
		840B69D0222054F10032B683 /* JavaTutorTests.swift */ = {isa = PBXFileReference; lastKnownFileType = sourcecode.swift; path = JavaTutorTests.swift; sourceTree = "<group>"; };
		840B69D2222054F10032B683 /* Info.plist */ = {isa = PBXFileReference; lastKnownFileType = text.plist.xml; path = Info.plist; sourceTree = "<group>"; };
		840B69D7222054F10032B683 /* JavaTutorUITests.xctest */ = {isa = PBXFileReference; explicitFileType = wrapper.cfbundle; includeInIndex = 0; path = JavaTutorUITests.xctest; sourceTree = BUILT_PRODUCTS_DIR; };
		840B69DB222054F10032B683 /* JavaTutorUITests.swift */ = {isa = PBXFileReference; lastKnownFileType = sourcecode.swift; path = JavaTutorUITests.swift; sourceTree = "<group>"; };
		840B69DD222054F10032B683 /* Info.plist */ = {isa = PBXFileReference; lastKnownFileType = text.plist.xml; path = Info.plist; sourceTree = "<group>"; };
		843971A322237C5900A96195 /* ExamTVC.swift */ = {isa = PBXFileReference; fileEncoding = 4; lastKnownFileType = sourcecode.swift; path = ExamTVC.swift; sourceTree = "<group>"; };
		843971A422237C5900A96195 /* LessonTVC.swift */ = {isa = PBXFileReference; fileEncoding = 4; lastKnownFileType = sourcecode.swift; path = LessonTVC.swift; sourceTree = "<group>"; };
		843971A522237C5900A96195 /* LoginScreenVC.swift */ = {isa = PBXFileReference; fileEncoding = 4; lastKnownFileType = sourcecode.swift; path = LoginScreenVC.swift; sourceTree = "<group>"; };
		843971A622237C5900A96195 /* QuizTVC.swift */ = {isa = PBXFileReference; fileEncoding = 4; lastKnownFileType = sourcecode.swift; path = QuizTVC.swift; sourceTree = "<group>"; };
		843971A722237C5900A96195 /* RecentActivityTVC.swift */ = {isa = PBXFileReference; fileEncoding = 4; lastKnownFileType = sourcecode.swift; path = RecentActivityTVC.swift; sourceTree = "<group>"; };
		843971A822237C5900A96195 /* StatisticsVC.swift */ = {isa = PBXFileReference; fileEncoding = 4; lastKnownFileType = sourcecode.swift; path = StatisticsVC.swift; sourceTree = "<group>"; };
		843971AA22237C5900A96195 /* ModuleCatalogTVC.swift */ = {isa = PBXFileReference; fileEncoding = 4; lastKnownFileType = sourcecode.swift; path = ModuleCatalogTVC.swift; sourceTree = "<group>"; };
		8ABCAF315590C89E756CDEC8 /* Pods_JavaTutorUITests.framework */ = {isa = PBXFileReference; explicitFileType = wrapper.framework; includeInIndex = 0; path = Pods_JavaTutorUITests.framework; sourceTree = BUILT_PRODUCTS_DIR; };
		950608B2E6DE8B93883519C4 /* Pods-JavaTutorUITests.release.xcconfig */ = {isa = PBXFileReference; includeInIndex = 1; lastKnownFileType = text.xcconfig; name = "Pods-JavaTutorUITests.release.xcconfig"; path = "Pods/Target Support Files/Pods-JavaTutorUITests/Pods-JavaTutorUITests.release.xcconfig"; sourceTree = "<group>"; };
		A6C7C90BF01055004AEF21BE /* Pods_JavaTutor.framework */ = {isa = PBXFileReference; explicitFileType = wrapper.framework; includeInIndex = 0; path = Pods_JavaTutor.framework; sourceTree = BUILT_PRODUCTS_DIR; };
		C08DD5EE46EE0A4864299E43 /* Pods-JavaTutor.debug.xcconfig */ = {isa = PBXFileReference; includeInIndex = 1; lastKnownFileType = text.xcconfig; name = "Pods-JavaTutor.debug.xcconfig"; path = "Pods/Target Support Files/Pods-JavaTutor/Pods-JavaTutor.debug.xcconfig"; sourceTree = "<group>"; };
		D0CD5ADCEE0925B58EFED663 /* Pods-JavaTutorTests.debug.xcconfig */ = {isa = PBXFileReference; includeInIndex = 1; lastKnownFileType = text.xcconfig; name = "Pods-JavaTutorTests.debug.xcconfig"; path = "Pods/Target Support Files/Pods-JavaTutorTests/Pods-JavaTutorTests.debug.xcconfig"; sourceTree = "<group>"; };
/* End PBXFileReference section */

/* Begin PBXFrameworksBuildPhase section */
		840B69B5222054EE0032B683 /* Frameworks */ = {
			isa = PBXFrameworksBuildPhase;
			buildActionMask = 2147483647;
			files = (
				9705A21531ABDBE279D27556 /* Pods_JavaTutor.framework in Frameworks */,
			);
			runOnlyForDeploymentPostprocessing = 0;
		};
		840B69C9222054F10032B683 /* Frameworks */ = {
			isa = PBXFrameworksBuildPhase;
			buildActionMask = 2147483647;
			files = (
				203A6F2E093C231CBEF612E2 /* Pods_JavaTutorTests.framework in Frameworks */,
			);
			runOnlyForDeploymentPostprocessing = 0;
		};
		840B69D4222054F10032B683 /* Frameworks */ = {
			isa = PBXFrameworksBuildPhase;
			buildActionMask = 2147483647;
			files = (
				C92BF4F110414500440261F8 /* Pods_JavaTutorUITests.framework in Frameworks */,
			);
			runOnlyForDeploymentPostprocessing = 0;
		};
/* End PBXFrameworksBuildPhase section */

/* Begin PBXGroup section */
		5EE69600BE1CADC9276A3144 /* Pods */ = {
			isa = PBXGroup;
			children = (
				C08DD5EE46EE0A4864299E43 /* Pods-JavaTutor.debug.xcconfig */,
				56C900E77F7C22DFE35A44C1 /* Pods-JavaTutor.release.xcconfig */,
				D0CD5ADCEE0925B58EFED663 /* Pods-JavaTutorTests.debug.xcconfig */,
				542301E042D50BB0C58A497A /* Pods-JavaTutorTests.release.xcconfig */,
				7A2DB7FF4DD5D457BCB9A8E4 /* Pods-JavaTutorUITests.debug.xcconfig */,
				950608B2E6DE8B93883519C4 /* Pods-JavaTutorUITests.release.xcconfig */,
			);
			name = Pods;
			sourceTree = "<group>";
		};
		840B69AF222054ED0032B683 = {
			isa = PBXGroup;
			children = (
				840B69BA222054EE0032B683 /* JavaTutor */,
				840B69CF222054F10032B683 /* JavaTutorTests */,
				840B69DA222054F10032B683 /* JavaTutorUITests */,
				840B69B9222054EE0032B683 /* Products */,
				5EE69600BE1CADC9276A3144 /* Pods */,
				E785DFA65FEF37C59572D4EA /* Frameworks */,
			);
			sourceTree = "<group>";
		};
		840B69B9222054EE0032B683 /* Products */ = {
			isa = PBXGroup;
			children = (
				840B69B8222054EE0032B683 /* JavaTutor.app */,
				840B69CC222054F10032B683 /* JavaTutorTests.xctest */,
				840B69D7222054F10032B683 /* JavaTutorUITests.xctest */,
			);
			name = Products;
			sourceTree = "<group>";
		};
		840B69BA222054EE0032B683 /* JavaTutor */ = {
			isa = PBXGroup;
			children = (
				843971A522237C5900A96195 /* LoginScreenVC.swift */,
				843971A722237C5900A96195 /* RecentActivityTVC.swift */,
				843971A822237C5900A96195 /* StatisticsVC.swift */,
				8408DDA52237639800C7DF57 /* StudyVC.swift */,
			    4EF89A762237442100073203 /* ModuleCatalogVC.swift */,
				843971A422237C5900A96195 /* LessonTVC.swift */,
				843971A622237C5900A96195 /* QuizTVC.swift */,
				843971A322237C5900A96195 /* ExamTVC.swift */,
				840B69BB222054EE0032B683 /* AppDelegate.swift */,
				840B69BF222054EE0032B683 /* Main.storyboard */,
				840B69C2222054F10032B683 /* Assets.xcassets */,
				840B69C4222054F10032B683 /* LaunchScreen.storyboard */,
				840B69C7222054F10032B683 /* Info.plist */,
				1D16A5562221FF3900FC3248 /* GoogleService-Info.plist */,
				843971AA22237C5900A96195 /* ModuleCatalogTVC.swift */,
			);
			path = JavaTutor;
			sourceTree = "<group>";
		};
		840B69CF222054F10032B683 /* JavaTutorTests */ = {
			isa = PBXGroup;
			children = (
				840B69D0222054F10032B683 /* JavaTutorTests.swift */,
				840B69D2222054F10032B683 /* Info.plist */,
			);
			path = JavaTutorTests;
			sourceTree = "<group>";
		};
		840B69DA222054F10032B683 /* JavaTutorUITests */ = {
			isa = PBXGroup;
			children = (
				840B69DB222054F10032B683 /* JavaTutorUITests.swift */,
				840B69DD222054F10032B683 /* Info.plist */,
			);
			path = JavaTutorUITests;
			sourceTree = "<group>";
		};
		E785DFA65FEF37C59572D4EA /* Frameworks */ = {
			isa = PBXGroup;
			children = (
				A6C7C90BF01055004AEF21BE /* Pods_JavaTutor.framework */,
				7D5F25F720D9643CB6D585E4 /* Pods_JavaTutorTests.framework */,
				8ABCAF315590C89E756CDEC8 /* Pods_JavaTutorUITests.framework */,
			);
			name = Frameworks;
			sourceTree = "<group>";
		};
/* End PBXGroup section */

/* Begin PBXNativeTarget section */
		840B69B7222054EE0032B683 /* JavaTutor */ = {
			isa = PBXNativeTarget;
			buildConfigurationList = 840B69E0222054F10032B683 /* Build configuration list for PBXNativeTarget "JavaTutor" */;
			buildPhases = (
				6139BB90F9B5AD7F557DA4E2 /* [CP] Check Pods Manifest.lock */,
				840B69B4222054EE0032B683 /* Sources */,
				840B69B5222054EE0032B683 /* Frameworks */,
				840B69B6222054EE0032B683 /* Resources */,
				715E7F3BDF2217B533B4B3F3 /* [CP] Embed Pods Frameworks */,
			);
			buildRules = (
			);
			dependencies = (
			);
			name = JavaTutor;
			productName = JavaTutor;
			productReference = 840B69B8222054EE0032B683 /* JavaTutor.app */;
			productType = "com.apple.product-type.application";
		};
		840B69CB222054F10032B683 /* JavaTutorTests */ = {
			isa = PBXNativeTarget;
			buildConfigurationList = 840B69E3222054F10032B683 /* Build configuration list for PBXNativeTarget "JavaTutorTests" */;
			buildPhases = (
				96958BF3ED53E7CCE95084EF /* [CP] Check Pods Manifest.lock */,
				840B69C8222054F10032B683 /* Sources */,
				840B69C9222054F10032B683 /* Frameworks */,
				840B69CA222054F10032B683 /* Resources */,
			);
			buildRules = (
			);
			dependencies = (
				840B69CE222054F10032B683 /* PBXTargetDependency */,
			);
			name = JavaTutorTests;
			productName = JavaTutorTests;
			productReference = 840B69CC222054F10032B683 /* JavaTutorTests.xctest */;
			productType = "com.apple.product-type.bundle.unit-test";
		};
		840B69D6222054F10032B683 /* JavaTutorUITests */ = {
			isa = PBXNativeTarget;
			buildConfigurationList = 840B69E6222054F10032B683 /* Build configuration list for PBXNativeTarget "JavaTutorUITests" */;
			buildPhases = (
				39A64946656B62AD5CC9DE9A /* [CP] Check Pods Manifest.lock */,
				840B69D3222054F10032B683 /* Sources */,
				840B69D4222054F10032B683 /* Frameworks */,
				840B69D5222054F10032B683 /* Resources */,
			);
			buildRules = (
			);
			dependencies = (
				840B69D9222054F10032B683 /* PBXTargetDependency */,
			);
			name = JavaTutorUITests;
			productName = JavaTutorUITests;
			productReference = 840B69D7222054F10032B683 /* JavaTutorUITests.xctest */;
			productType = "com.apple.product-type.bundle.ui-testing";
		};
/* End PBXNativeTarget section */

/* Begin PBXProject section */
		840B69B0222054ED0032B683 /* Project object */ = {
			isa = PBXProject;
			attributes = {
				LastSwiftUpdateCheck = 1010;
				LastUpgradeCheck = 1010;
				ORGANIZATIONNAME = "Logan Stahl";
				TargetAttributes = {
					840B69B7222054EE0032B683 = {
						CreatedOnToolsVersion = 10.1;
					};
					840B69CB222054F10032B683 = {
						CreatedOnToolsVersion = 10.1;
						TestTargetID = 840B69B7222054EE0032B683;
					};
					840B69D6222054F10032B683 = {
						CreatedOnToolsVersion = 10.1;
						TestTargetID = 840B69B7222054EE0032B683;
					};
				};
			};
			buildConfigurationList = 840B69B3222054ED0032B683 /* Build configuration list for PBXProject "JavaTutor" */;
			compatibilityVersion = "Xcode 9.3";
			developmentRegion = en;
			hasScannedForEncodings = 0;
			knownRegions = (
				en,
				Base,
			);
			mainGroup = 840B69AF222054ED0032B683;
			productRefGroup = 840B69B9222054EE0032B683 /* Products */;
			projectDirPath = "";
			projectRoot = "";
			targets = (
				840B69B7222054EE0032B683 /* JavaTutor */,
				840B69CB222054F10032B683 /* JavaTutorTests */,
				840B69D6222054F10032B683 /* JavaTutorUITests */,
			);
		};
/* End PBXProject section */

/* Begin PBXResourcesBuildPhase section */
		840B69B6222054EE0032B683 /* Resources */ = {
			isa = PBXResourcesBuildPhase;
			buildActionMask = 2147483647;
			files = (
				840B69C6222054F10032B683 /* LaunchScreen.storyboard in Resources */,
				1D16A5572221FF3900FC3248 /* GoogleService-Info.plist in Resources */,
				840B69C3222054F10032B683 /* Assets.xcassets in Resources */,
				840B69C1222054EE0032B683 /* Main.storyboard in Resources */,
			);
			runOnlyForDeploymentPostprocessing = 0;
		};
		840B69CA222054F10032B683 /* Resources */ = {
			isa = PBXResourcesBuildPhase;
			buildActionMask = 2147483647;
			files = (
				1D16A5582221FF3900FC3248 /* GoogleService-Info.plist in Resources */,
			);
			runOnlyForDeploymentPostprocessing = 0;
		};
		840B69D5222054F10032B683 /* Resources */ = {
			isa = PBXResourcesBuildPhase;
			buildActionMask = 2147483647;
			files = (
				1D16A5592221FF3900FC3248 /* GoogleService-Info.plist in Resources */,
			);
			runOnlyForDeploymentPostprocessing = 0;
		};
/* End PBXResourcesBuildPhase section */

/* Begin PBXShellScriptBuildPhase section */
		39A64946656B62AD5CC9DE9A /* [CP] Check Pods Manifest.lock */ = {
			isa = PBXShellScriptBuildPhase;
			buildActionMask = 2147483647;
			files = (
			);
			inputPaths = (
				"${PODS_PODFILE_DIR_PATH}/Podfile.lock",
				"${PODS_ROOT}/Manifest.lock",
			);
			name = "[CP] Check Pods Manifest.lock";
			outputPaths = (
				"$(DERIVED_FILE_DIR)/Pods-JavaTutorUITests-checkManifestLockResult.txt",
			);
			runOnlyForDeploymentPostprocessing = 0;
			shellPath = /bin/sh;
			shellScript = "diff \"${PODS_PODFILE_DIR_PATH}/Podfile.lock\" \"${PODS_ROOT}/Manifest.lock\" > /dev/null\nif [ $? != 0 ] ; then\n    # print error to STDERR\n    echo \"error: The sandbox is not in sync with the Podfile.lock. Run 'pod install' or update your CocoaPods installation.\" >&2\n    exit 1\nfi\n# This output is used by Xcode 'outputs' to avoid re-running this script phase.\necho \"SUCCESS\" > \"${SCRIPT_OUTPUT_FILE_0}\"\n";
			showEnvVarsInLog = 0;
		};
		6139BB90F9B5AD7F557DA4E2 /* [CP] Check Pods Manifest.lock */ = {
			isa = PBXShellScriptBuildPhase;
			buildActionMask = 2147483647;
			files = (
			);
			inputPaths = (
				"${PODS_PODFILE_DIR_PATH}/Podfile.lock",
				"${PODS_ROOT}/Manifest.lock",
			);
			name = "[CP] Check Pods Manifest.lock";
			outputPaths = (
				"$(DERIVED_FILE_DIR)/Pods-JavaTutor-checkManifestLockResult.txt",
			);
			runOnlyForDeploymentPostprocessing = 0;
			shellPath = /bin/sh;
			shellScript = "diff \"${PODS_PODFILE_DIR_PATH}/Podfile.lock\" \"${PODS_ROOT}/Manifest.lock\" > /dev/null\nif [ $? != 0 ] ; then\n    # print error to STDERR\n    echo \"error: The sandbox is not in sync with the Podfile.lock. Run 'pod install' or update your CocoaPods installation.\" >&2\n    exit 1\nfi\n# This output is used by Xcode 'outputs' to avoid re-running this script phase.\necho \"SUCCESS\" > \"${SCRIPT_OUTPUT_FILE_0}\"\n";
			showEnvVarsInLog = 0;
		};
		715E7F3BDF2217B533B4B3F3 /* [CP] Embed Pods Frameworks */ = {
			isa = PBXShellScriptBuildPhase;
			buildActionMask = 2147483647;
			files = (
			);
			inputPaths = (
				"${SRCROOT}/Pods/Target Support Files/Pods-JavaTutor/Pods-JavaTutor-frameworks.sh",
				"${BUILT_PRODUCTS_DIR}/GTMSessionFetcher/GTMSessionFetcher.framework",
				"${BUILT_PRODUCTS_DIR}/GoogleToolboxForMac/GoogleToolboxForMac.framework",
				"${BUILT_PRODUCTS_DIR}/nanopb/nanopb.framework",
			);
			name = "[CP] Embed Pods Frameworks";
			outputPaths = (
				"${TARGET_BUILD_DIR}/${FRAMEWORKS_FOLDER_PATH}/GTMSessionFetcher.framework",
				"${TARGET_BUILD_DIR}/${FRAMEWORKS_FOLDER_PATH}/GoogleToolboxForMac.framework",
				"${TARGET_BUILD_DIR}/${FRAMEWORKS_FOLDER_PATH}/nanopb.framework",
			);
			runOnlyForDeploymentPostprocessing = 0;
			shellPath = /bin/sh;
			shellScript = "\"${SRCROOT}/Pods/Target Support Files/Pods-JavaTutor/Pods-JavaTutor-frameworks.sh\"\n";
			showEnvVarsInLog = 0;
		};
		96958BF3ED53E7CCE95084EF /* [CP] Check Pods Manifest.lock */ = {
			isa = PBXShellScriptBuildPhase;
			buildActionMask = 2147483647;
			files = (
			);
			inputPaths = (
				"${PODS_PODFILE_DIR_PATH}/Podfile.lock",
				"${PODS_ROOT}/Manifest.lock",
			);
			name = "[CP] Check Pods Manifest.lock";
			outputPaths = (
				"$(DERIVED_FILE_DIR)/Pods-JavaTutorTests-checkManifestLockResult.txt",
			);
			runOnlyForDeploymentPostprocessing = 0;
			shellPath = /bin/sh;
			shellScript = "diff \"${PODS_PODFILE_DIR_PATH}/Podfile.lock\" \"${PODS_ROOT}/Manifest.lock\" > /dev/null\nif [ $? != 0 ] ; then\n    # print error to STDERR\n    echo \"error: The sandbox is not in sync with the Podfile.lock. Run 'pod install' or update your CocoaPods installation.\" >&2\n    exit 1\nfi\n# This output is used by Xcode 'outputs' to avoid re-running this script phase.\necho \"SUCCESS\" > \"${SCRIPT_OUTPUT_FILE_0}\"\n";
			showEnvVarsInLog = 0;
		};
/* End PBXShellScriptBuildPhase section */

/* Begin PBXSourcesBuildPhase section */
		840B69B4222054EE0032B683 /* Sources */ = {
			isa = PBXSourcesBuildPhase;
			buildActionMask = 2147483647;
			files = (
				843971AE22237C5900A96195 /* LoginScreenVC.swift in Sources */,
				843971AC22237C5900A96195 /* ExamTVC.swift in Sources */,
				843971AF22237C5900A96195 /* QuizTVC.swift in Sources */,
				843971B322237C5900A96195 /* ModuleCatalogTVC.swift in Sources */,
				843971B122237C5900A96195 /* StatisticsVC.swift in Sources */,
				843971B022237C5900A96195 /* RecentActivityTVC.swift in Sources */,
				840B69BC222054EE0032B683 /* AppDelegate.swift in Sources */,
				843971AD22237C5900A96195 /* LessonTVC.swift in Sources */,
			);
			runOnlyForDeploymentPostprocessing = 0;
		};
		840B69C8222054F10032B683 /* Sources */ = {
			isa = PBXSourcesBuildPhase;
			buildActionMask = 2147483647;
			files = (
				840B69D1222054F10032B683 /* JavaTutorTests.swift in Sources */,
			);
			runOnlyForDeploymentPostprocessing = 0;
		};
		840B69D3222054F10032B683 /* Sources */ = {
			isa = PBXSourcesBuildPhase;
			buildActionMask = 2147483647;
			files = (
				840B69DC222054F10032B683 /* JavaTutorUITests.swift in Sources */,
			);
			runOnlyForDeploymentPostprocessing = 0;
		};
/* End PBXSourcesBuildPhase section */

/* Begin PBXTargetDependency section */
		840B69CE222054F10032B683 /* PBXTargetDependency */ = {
			isa = PBXTargetDependency;
			target = 840B69B7222054EE0032B683 /* JavaTutor */;
			targetProxy = 840B69CD222054F10032B683 /* PBXContainerItemProxy */;
		};
		840B69D9222054F10032B683 /* PBXTargetDependency */ = {
			isa = PBXTargetDependency;
			target = 840B69B7222054EE0032B683 /* JavaTutor */;
			targetProxy = 840B69D8222054F10032B683 /* PBXContainerItemProxy */;
		};
/* End PBXTargetDependency section */

/* Begin PBXVariantGroup section */
		840B69BF222054EE0032B683 /* Main.storyboard */ = {
			isa = PBXVariantGroup;
			children = (
				840B69C0222054EE0032B683 /* Base */,
			);
			name = Main.storyboard;
			sourceTree = "<group>";
		};
		840B69C4222054F10032B683 /* LaunchScreen.storyboard */ = {
			isa = PBXVariantGroup;
			children = (
				840B69C5222054F10032B683 /* Base */,
			);
			name = LaunchScreen.storyboard;
			sourceTree = "<group>";
		};
/* End PBXVariantGroup section */

/* Begin XCBuildConfiguration section */
		840B69DE222054F10032B683 /* Debug */ = {
			isa = XCBuildConfiguration;
			buildSettings = {
				ALWAYS_SEARCH_USER_PATHS = NO;
				CLANG_ANALYZER_NONNULL = YES;
				CLANG_ANALYZER_NUMBER_OBJECT_CONVERSION = YES_AGGRESSIVE;
				CLANG_CXX_LANGUAGE_STANDARD = "gnu++14";
				CLANG_CXX_LIBRARY = "libc++";
				CLANG_ENABLE_MODULES = YES;
				CLANG_ENABLE_OBJC_ARC = YES;
				CLANG_ENABLE_OBJC_WEAK = YES;
				CLANG_WARN_BLOCK_CAPTURE_AUTORELEASING = YES;
				CLANG_WARN_BOOL_CONVERSION = YES;
				CLANG_WARN_COMMA = YES;
				CLANG_WARN_CONSTANT_CONVERSION = YES;
				CLANG_WARN_DEPRECATED_OBJC_IMPLEMENTATIONS = YES;
				CLANG_WARN_DIRECT_OBJC_ISA_USAGE = YES_ERROR;
				CLANG_WARN_DOCUMENTATION_COMMENTS = YES;
				CLANG_WARN_EMPTY_BODY = YES;
				CLANG_WARN_ENUM_CONVERSION = YES;
				CLANG_WARN_INFINITE_RECURSION = YES;
				CLANG_WARN_INT_CONVERSION = YES;
				CLANG_WARN_NON_LITERAL_NULL_CONVERSION = YES;
				CLANG_WARN_OBJC_IMPLICIT_RETAIN_SELF = YES;
				CLANG_WARN_OBJC_LITERAL_CONVERSION = YES;
				CLANG_WARN_OBJC_ROOT_CLASS = YES_ERROR;
				CLANG_WARN_RANGE_LOOP_ANALYSIS = YES;
				CLANG_WARN_STRICT_PROTOTYPES = YES;
				CLANG_WARN_SUSPICIOUS_MOVE = YES;
				CLANG_WARN_UNGUARDED_AVAILABILITY = YES_AGGRESSIVE;
				CLANG_WARN_UNREACHABLE_CODE = YES;
				CLANG_WARN__DUPLICATE_METHOD_MATCH = YES;
				CODE_SIGN_IDENTITY = "iPhone Developer";
				COPY_PHASE_STRIP = NO;
				DEBUG_INFORMATION_FORMAT = dwarf;
				ENABLE_STRICT_OBJC_MSGSEND = YES;
				ENABLE_TESTABILITY = YES;
				GCC_C_LANGUAGE_STANDARD = gnu11;
				GCC_DYNAMIC_NO_PIC = NO;
				GCC_NO_COMMON_BLOCKS = YES;
				GCC_OPTIMIZATION_LEVEL = 0;
				GCC_PREPROCESSOR_DEFINITIONS = (
					"DEBUG=1",
					"$(inherited)",
				);
				GCC_WARN_64_TO_32_BIT_CONVERSION = YES;
				GCC_WARN_ABOUT_RETURN_TYPE = YES_ERROR;
				GCC_WARN_UNDECLARED_SELECTOR = YES;
				GCC_WARN_UNINITIALIZED_AUTOS = YES_AGGRESSIVE;
				GCC_WARN_UNUSED_FUNCTION = YES;
				GCC_WARN_UNUSED_VARIABLE = YES;
				IPHONEOS_DEPLOYMENT_TARGET = 12.1;
				MTL_ENABLE_DEBUG_INFO = INCLUDE_SOURCE;
				MTL_FAST_MATH = YES;
				ONLY_ACTIVE_ARCH = YES;
				SDKROOT = iphoneos;
				SWIFT_ACTIVE_COMPILATION_CONDITIONS = DEBUG;
				SWIFT_OPTIMIZATION_LEVEL = "-Onone";
			};
			name = Debug;
		};
		840B69DF222054F10032B683 /* Release */ = {
			isa = XCBuildConfiguration;
			buildSettings = {
				ALWAYS_SEARCH_USER_PATHS = NO;
				CLANG_ANALYZER_NONNULL = YES;
				CLANG_ANALYZER_NUMBER_OBJECT_CONVERSION = YES_AGGRESSIVE;
				CLANG_CXX_LANGUAGE_STANDARD = "gnu++14";
				CLANG_CXX_LIBRARY = "libc++";
				CLANG_ENABLE_MODULES = YES;
				CLANG_ENABLE_OBJC_ARC = YES;
				CLANG_ENABLE_OBJC_WEAK = YES;
				CLANG_WARN_BLOCK_CAPTURE_AUTORELEASING = YES;
				CLANG_WARN_BOOL_CONVERSION = YES;
				CLANG_WARN_COMMA = YES;
				CLANG_WARN_CONSTANT_CONVERSION = YES;
				CLANG_WARN_DEPRECATED_OBJC_IMPLEMENTATIONS = YES;
				CLANG_WARN_DIRECT_OBJC_ISA_USAGE = YES_ERROR;
				CLANG_WARN_DOCUMENTATION_COMMENTS = YES;
				CLANG_WARN_EMPTY_BODY = YES;
				CLANG_WARN_ENUM_CONVERSION = YES;
				CLANG_WARN_INFINITE_RECURSION = YES;
				CLANG_WARN_INT_CONVERSION = YES;
				CLANG_WARN_NON_LITERAL_NULL_CONVERSION = YES;
				CLANG_WARN_OBJC_IMPLICIT_RETAIN_SELF = YES;
				CLANG_WARN_OBJC_LITERAL_CONVERSION = YES;
				CLANG_WARN_OBJC_ROOT_CLASS = YES_ERROR;
				CLANG_WARN_RANGE_LOOP_ANALYSIS = YES;
				CLANG_WARN_STRICT_PROTOTYPES = YES;
				CLANG_WARN_SUSPICIOUS_MOVE = YES;
				CLANG_WARN_UNGUARDED_AVAILABILITY = YES_AGGRESSIVE;
				CLANG_WARN_UNREACHABLE_CODE = YES;
				CLANG_WARN__DUPLICATE_METHOD_MATCH = YES;
				CODE_SIGN_IDENTITY = "iPhone Developer";
				COPY_PHASE_STRIP = NO;
				DEBUG_INFORMATION_FORMAT = "dwarf-with-dsym";
				ENABLE_NS_ASSERTIONS = NO;
				ENABLE_STRICT_OBJC_MSGSEND = YES;
				GCC_C_LANGUAGE_STANDARD = gnu11;
				GCC_NO_COMMON_BLOCKS = YES;
				GCC_WARN_64_TO_32_BIT_CONVERSION = YES;
				GCC_WARN_ABOUT_RETURN_TYPE = YES_ERROR;
				GCC_WARN_UNDECLARED_SELECTOR = YES;
				GCC_WARN_UNINITIALIZED_AUTOS = YES_AGGRESSIVE;
				GCC_WARN_UNUSED_FUNCTION = YES;
				GCC_WARN_UNUSED_VARIABLE = YES;
				IPHONEOS_DEPLOYMENT_TARGET = 12.1;
				MTL_ENABLE_DEBUG_INFO = NO;
				MTL_FAST_MATH = YES;
				SDKROOT = iphoneos;
				SWIFT_COMPILATION_MODE = wholemodule;
				SWIFT_OPTIMIZATION_LEVEL = "-O";
				VALIDATE_PRODUCT = YES;
			};
			name = Release;
		};
		840B69E1222054F10032B683 /* Debug */ = {
			isa = XCBuildConfiguration;
			baseConfigurationReference = C08DD5EE46EE0A4864299E43 /* Pods-JavaTutor.debug.xcconfig */;
			buildSettings = {
				ASSETCATALOG_COMPILER_APPICON_NAME = AppIcon;
				CODE_SIGN_STYLE = Automatic;
				INFOPLIST_FILE = JavaTutor/Info.plist;
				LD_RUNPATH_SEARCH_PATHS = (
					"$(inherited)",
					"@executable_path/Frameworks",
				);
				PRODUCT_BUNDLE_IDENTIFIER = GCC.JavaTutor;
				PRODUCT_NAME = "$(TARGET_NAME)";
				SWIFT_VERSION = 4.2;
				TARGETED_DEVICE_FAMILY = "1,2";
			};
			name = Debug;
		};
		840B69E2222054F10032B683 /* Release */ = {
			isa = XCBuildConfiguration;
			baseConfigurationReference = 56C900E77F7C22DFE35A44C1 /* Pods-JavaTutor.release.xcconfig */;
			buildSettings = {
				ASSETCATALOG_COMPILER_APPICON_NAME = AppIcon;
				CODE_SIGN_STYLE = Automatic;
				INFOPLIST_FILE = JavaTutor/Info.plist;
				LD_RUNPATH_SEARCH_PATHS = (
					"$(inherited)",
					"@executable_path/Frameworks",
				);
				PRODUCT_BUNDLE_IDENTIFIER = GCC.JavaTutor;
				PRODUCT_NAME = "$(TARGET_NAME)";
				SWIFT_VERSION = 4.2;
				TARGETED_DEVICE_FAMILY = "1,2";
			};
			name = Release;
		};
		840B69E4222054F10032B683 /* Debug */ = {
			isa = XCBuildConfiguration;
			baseConfigurationReference = D0CD5ADCEE0925B58EFED663 /* Pods-JavaTutorTests.debug.xcconfig */;
			buildSettings = {
				ALWAYS_EMBED_SWIFT_STANDARD_LIBRARIES = YES;
				BUNDLE_LOADER = "$(TEST_HOST)";
				CODE_SIGN_STYLE = Automatic;
				INFOPLIST_FILE = JavaTutorTests/Info.plist;
				LD_RUNPATH_SEARCH_PATHS = (
					"$(inherited)",
					"@executable_path/Frameworks",
					"@loader_path/Frameworks",
				);
				PRODUCT_BUNDLE_IDENTIFIER = GCC.JavaTutorTests;
				PRODUCT_NAME = "$(TARGET_NAME)";
				SWIFT_VERSION = 4.2;
				TARGETED_DEVICE_FAMILY = "1,2";
				TEST_HOST = "$(BUILT_PRODUCTS_DIR)/JavaTutor.app/JavaTutor";
			};
			name = Debug;
		};
		840B69E5222054F10032B683 /* Release */ = {
			isa = XCBuildConfiguration;
			baseConfigurationReference = 542301E042D50BB0C58A497A /* Pods-JavaTutorTests.release.xcconfig */;
			buildSettings = {
				ALWAYS_EMBED_SWIFT_STANDARD_LIBRARIES = YES;
				BUNDLE_LOADER = "$(TEST_HOST)";
				CODE_SIGN_STYLE = Automatic;
				INFOPLIST_FILE = JavaTutorTests/Info.plist;
				LD_RUNPATH_SEARCH_PATHS = (
					"$(inherited)",
					"@executable_path/Frameworks",
					"@loader_path/Frameworks",
				);
				PRODUCT_BUNDLE_IDENTIFIER = GCC.JavaTutorTests;
				PRODUCT_NAME = "$(TARGET_NAME)";
				SWIFT_VERSION = 4.2;
				TARGETED_DEVICE_FAMILY = "1,2";
				TEST_HOST = "$(BUILT_PRODUCTS_DIR)/JavaTutor.app/JavaTutor";
			};
			name = Release;
		};
		840B69E7222054F10032B683 /* Debug */ = {
			isa = XCBuildConfiguration;
			baseConfigurationReference = 7A2DB7FF4DD5D457BCB9A8E4 /* Pods-JavaTutorUITests.debug.xcconfig */;
			buildSettings = {
				ALWAYS_EMBED_SWIFT_STANDARD_LIBRARIES = YES;
				CODE_SIGN_STYLE = Automatic;
				INFOPLIST_FILE = JavaTutorUITests/Info.plist;
				LD_RUNPATH_SEARCH_PATHS = (
					"$(inherited)",
					"@executable_path/Frameworks",
					"@loader_path/Frameworks",
				);
				PRODUCT_BUNDLE_IDENTIFIER = GCC.JavaTutorUITests;
				PRODUCT_NAME = "$(TARGET_NAME)";
				SWIFT_VERSION = 4.2;
				TARGETED_DEVICE_FAMILY = "1,2";
				TEST_TARGET_NAME = JavaTutor;
			};
			name = Debug;
		};
		840B69E8222054F10032B683 /* Release */ = {
			isa = XCBuildConfiguration;
			baseConfigurationReference = 950608B2E6DE8B93883519C4 /* Pods-JavaTutorUITests.release.xcconfig */;
			buildSettings = {
				ALWAYS_EMBED_SWIFT_STANDARD_LIBRARIES = YES;
				CODE_SIGN_STYLE = Automatic;
				INFOPLIST_FILE = JavaTutorUITests/Info.plist;
				LD_RUNPATH_SEARCH_PATHS = (
					"$(inherited)",
					"@executable_path/Frameworks",
					"@loader_path/Frameworks",
				);
				PRODUCT_BUNDLE_IDENTIFIER = GCC.JavaTutorUITests;
				PRODUCT_NAME = "$(TARGET_NAME)";
				SWIFT_VERSION = 4.2;
				TARGETED_DEVICE_FAMILY = "1,2";
				TEST_TARGET_NAME = JavaTutor;
			};
			name = Release;
		};
/* End XCBuildConfiguration section */

/* Begin XCConfigurationList section */
		840B69B3222054ED0032B683 /* Build configuration list for PBXProject "JavaTutor" */ = {
			isa = XCConfigurationList;
			buildConfigurations = (
				840B69DE222054F10032B683 /* Debug */,
				840B69DF222054F10032B683 /* Release */,
			);
			defaultConfigurationIsVisible = 0;
			defaultConfigurationName = Release;
		};
		840B69E0222054F10032B683 /* Build configuration list for PBXNativeTarget "JavaTutor" */ = {
			isa = XCConfigurationList;
			buildConfigurations = (
				840B69E1222054F10032B683 /* Debug */,
				840B69E2222054F10032B683 /* Release */,
			);
			defaultConfigurationIsVisible = 0;
			defaultConfigurationName = Release;
		};
		840B69E3222054F10032B683 /* Build configuration list for PBXNativeTarget "JavaTutorTests" */ = {
			isa = XCConfigurationList;
			buildConfigurations = (
				840B69E4222054F10032B683 /* Debug */,
				840B69E5222054F10032B683 /* Release */,
			);
			defaultConfigurationIsVisible = 0;
			defaultConfigurationName = Release;
		};
		840B69E6222054F10032B683 /* Build configuration list for PBXNativeTarget "JavaTutorUITests" */ = {
			isa = XCConfigurationList;
			buildConfigurations = (
				840B69E7222054F10032B683 /* Debug */,
				840B69E8222054F10032B683 /* Release */,
			);
			defaultConfigurationIsVisible = 0;
			defaultConfigurationName = Release;
		};
/* End XCConfigurationList section */
	};
	rootObject = 840B69B0222054ED0032B683 /* Project object */;
}
